
Microsoft Visual Studio Solution File, Format Version 12.00
# Visual Studio Version 17
VisualStudioVersion = 17.11.35327.3
MinimumVisualStudioVersion = 10.0.40219.1
Project("{2150E333-8FDC-42A3-9474-1A3956D46DE8}") = "Services", "Services", "{6693D09B-E907-44E1-9CE1-7EA188A213C9}"
EndProject
Project("{FAE04EC0-301F-11D3-BF4B-00C04F79EFBC}") = "APIGateWay", "APIGateWay\APIGateWay.csproj", "{BC31FD81-05CC-401D-A646-99665B0E4264}"
EndProject
Project("{FAE04EC0-301F-11D3-BF4B-00C04F79EFBC}") = "Contact.API", "Services\ContactAPI\Contact.API\Contact.API.csproj", "{DE6FFEE6-93E9-4501-80B7-56BB7DDFCD37}"
EndProject
Project("{FAE04EC0-301F-11D3-BF4B-00C04F79EFBC}") = "Reservation.API", "Services\RestAPI\Reservation.API\Reservation.API.csproj", "{09637E7D-0421-411D-BEC9-1B434BEC929A}"
EndProject
Project("{2150E333-8FDC-42A3-9474-1A3956D46DE8}") = "ContactAPI", "ContactAPI", "{691C430E-55FC-4DFA-BD9E-CC5F79B7F1E5}"
EndProject
Project("{2150E333-8FDC-42A3-9474-1A3956D46DE8}") = "ReservationAPI", "ReservationAPI", "{24DFF0F4-4CCF-46CE-BF0B-4D56DD32EBB7}"
EndProject
Project("{FAE04EC0-301F-11D3-BF4B-00C04F79EFBC}") = "Contact.API.Infrastructure", "Services\ContactAPI\Contact.API.Infrastructure\Contact.API.Infrastructure.csproj", "{EF1BB08B-59B7-4CB5-A5C2-6022E8611779}"
EndProject
Project("{FAE04EC0-301F-11D3-BF4B-00C04F79EFBC}") = "Contact.API.Models", "Services\ContactAPI\Contact.API.Models\Contact.API.Models.csproj", "{BC5CEBA9-5BE2-4AC0-8026-25104AFE3EEF}"
EndProject
Project("{FAE04EC0-301F-11D3-BF4B-00C04F79EFBC}") = "Contact.API.Services", "Services\ContactAPI\Contact.API.Services\Contact.API.Services.csproj", "{B0B67D38-0F70-43C8-B533-90AF37EBE7B0}"
EndProject
Project("{FAE04EC0-301F-11D3-BF4B-00C04F79EFBC}") = "Reservation.API.Infrastructure", "Services\RestAPI\Reservation.API.Infrastructure\Reservation.API.Infrastructure.csproj", "{044D3CC0-D6FE-436D-A536-CDB2929FB2CF}"
EndProject
Project("{FAE04EC0-301F-11D3-BF4B-00C04F79EFBC}") = "Reservation.API.Services", "Services\RestAPI\Reservation.API.Services\Reservation.API.Services.csproj", "{BAE9DA6A-8457-4EDF-8ACA-50A5AAEB8488}"
EndProject
Project("{FAE04EC0-301F-11D3-BF4B-00C04F79EFBC}") = "Reservation.API.Models", "Services\RestAPI\Reservation.API.Models\Reservation.API.Models.csproj", "{CA6217CD-3EFA-4BB4-ABFA-275469994A35}"
EndProject
Global
	GlobalSection(SolutionConfigurationPlatforms) = preSolution
		Debug|Any CPU = Debug|Any CPU
		Release|Any CPU = Release|Any CPU
	EndGlobalSection
	GlobalSection(ProjectConfigurationPlatforms) = postSolution
		{BC31FD81-05CC-401D-A646-99665B0E4264}.Debug|Any CPU.ActiveCfg = Debug|Any CPU
		{BC31FD81-05CC-401D-A646-99665B0E4264}.Debug|Any CPU.Build.0 = Debug|Any CPU
		{BC31FD81-05CC-401D-A646-99665B0E4264}.Release|Any CPU.ActiveCfg = Release|Any CPU
		{BC31FD81-05CC-401D-A646-99665B0E4264}.Release|Any CPU.Build.0 = Release|Any CPU
		{DE6FFEE6-93E9-4501-80B7-56BB7DDFCD37}.Debug|Any CPU.ActiveCfg = Debug|Any CPU
		{DE6FFEE6-93E9-4501-80B7-56BB7DDFCD37}.Debug|Any CPU.Build.0 = Debug|Any CPU
		{DE6FFEE6-93E9-4501-80B7-56BB7DDFCD37}.Release|Any CPU.ActiveCfg = Release|Any CPU
		{DE6FFEE6-93E9-4501-80B7-56BB7DDFCD37}.Release|Any CPU.Build.0 = Release|Any CPU
		{09637E7D-0421-411D-BEC9-1B434BEC929A}.Debug|Any CPU.ActiveCfg = Debug|Any CPU
		{09637E7D-0421-411D-BEC9-1B434BEC929A}.Debug|Any CPU.Build.0 = Debug|Any CPU
		{09637E7D-0421-411D-BEC9-1B434BEC929A}.Release|Any CPU.ActiveCfg = Release|Any CPU
		{09637E7D-0421-411D-BEC9-1B434BEC929A}.Release|Any CPU.Build.0 = Release|Any CPU
		{EF1BB08B-59B7-4CB5-A5C2-6022E8611779}.Debug|Any CPU.ActiveCfg = Debug|Any CPU
		{EF1BB08B-59B7-4CB5-A5C2-6022E8611779}.Debug|Any CPU.Build.0 = Debug|Any CPU
		{EF1BB08B-59B7-4CB5-A5C2-6022E8611779}.Release|Any CPU.ActiveCfg = Release|Any CPU
		{EF1BB08B-59B7-4CB5-A5C2-6022E8611779}.Release|Any CPU.Build.0 = Release|Any CPU
		{BC5CEBA9-5BE2-4AC0-8026-25104AFE3EEF}.Debug|Any CPU.ActiveCfg = Debug|Any CPU
		{BC5CEBA9-5BE2-4AC0-8026-25104AFE3EEF}.Debug|Any CPU.Build.0 = Debug|Any CPU
		{BC5CEBA9-5BE2-4AC0-8026-25104AFE3EEF}.Release|Any CPU.ActiveCfg = Release|Any CPU
		{BC5CEBA9-5BE2-4AC0-8026-25104AFE3EEF}.Release|Any CPU.Build.0 = Release|Any CPU
		{B0B67D38-0F70-43C8-B533-90AF37EBE7B0}.Debug|Any CPU.ActiveCfg = Debug|Any CPU
		{B0B67D38-0F70-43C8-B533-90AF37EBE7B0}.Debug|Any CPU.Build.0 = Debug|Any CPU
		{B0B67D38-0F70-43C8-B533-90AF37EBE7B0}.Release|Any CPU.ActiveCfg = Release|Any CPU
		{B0B67D38-0F70-43C8-B533-90AF37EBE7B0}.Release|Any CPU.Build.0 = Release|Any CPU
		{044D3CC0-D6FE-436D-A536-CDB2929FB2CF}.Debug|Any CPU.ActiveCfg = Debug|Any CPU
		{044D3CC0-D6FE-436D-A536-CDB2929FB2CF}.Debug|Any CPU.Build.0 = Debug|Any CPU
		{044D3CC0-D6FE-436D-A536-CDB2929FB2CF}.Release|Any CPU.ActiveCfg = Release|Any CPU
		{044D3CC0-D6FE-436D-A536-CDB2929FB2CF}.Release|Any CPU.Build.0 = Release|Any CPU
		{BAE9DA6A-8457-4EDF-8ACA-50A5AAEB8488}.Debug|Any CPU.ActiveCfg = Debug|Any CPU
		{BAE9DA6A-8457-4EDF-8ACA-50A5AAEB8488}.Debug|Any CPU.Build.0 = Debug|Any CPU
		{BAE9DA6A-8457-4EDF-8ACA-50A5AAEB8488}.Release|Any CPU.ActiveCfg = Release|Any CPU
		{BAE9DA6A-8457-4EDF-8ACA-50A5AAEB8488}.Release|Any CPU.Build.0 = Release|Any CPU
		{CA6217CD-3EFA-4BB4-ABFA-275469994A35}.Debug|Any CPU.ActiveCfg = Debug|Any CPU
		{CA6217CD-3EFA-4BB4-ABFA-275469994A35}.Debug|Any CPU.Build.0 = Debug|Any CPU
		{CA6217CD-3EFA-4BB4-ABFA-275469994A35}.Release|Any CPU.ActiveCfg = Release|Any CPU
		{CA6217CD-3EFA-4BB4-ABFA-275469994A35}.Release|Any CPU.Build.0 = Release|Any CPU
	EndGlobalSection
	GlobalSection(SolutionProperties) = preSolution
		HideSolutionNode = FALSE
	EndGlobalSection
	GlobalSection(NestedProjects) = preSolution
		{DE6FFEE6-93E9-4501-80B7-56BB7DDFCD37} = {691C430E-55FC-4DFA-BD9E-CC5F79B7F1E5}
		{09637E7D-0421-411D-BEC9-1B434BEC929A} = {24DFF0F4-4CCF-46CE-BF0B-4D56DD32EBB7}
		{691C430E-55FC-4DFA-BD9E-CC5F79B7F1E5} = {6693D09B-E907-44E1-9CE1-7EA188A213C9}
		{24DFF0F4-4CCF-46CE-BF0B-4D56DD32EBB7} = {6693D09B-E907-44E1-9CE1-7EA188A213C9}
		{EF1BB08B-59B7-4CB5-A5C2-6022E8611779} = {691C430E-55FC-4DFA-BD9E-CC5F79B7F1E5}
		{BC5CEBA9-5BE2-4AC0-8026-25104AFE3EEF} = {691C430E-55FC-4DFA-BD9E-CC5F79B7F1E5}
		{B0B67D38-0F70-43C8-B533-90AF37EBE7B0} = {691C430E-55FC-4DFA-BD9E-CC5F79B7F1E5}
		{044D3CC0-D6FE-436D-A536-CDB2929FB2CF} = {24DFF0F4-4CCF-46CE-BF0B-4D56DD32EBB7}
		{BAE9DA6A-8457-4EDF-8ACA-50A5AAEB8488} = {24DFF0F4-4CCF-46CE-BF0B-4D56DD32EBB7}
		{CA6217CD-3EFA-4BB4-ABFA-275469994A35} = {24DFF0F4-4CCF-46CE-BF0B-4D56DD32EBB7}
	EndGlobalSection
	GlobalSection(ExtensibilityGlobals) = postSolution
		SolutionGuid = {9E580BEA-6CC4-4A94-8E39-D22BEF6A4446}
	EndGlobalSection
EndGlobal
